
Microsoft Visual Studio Solution File, Format Version 11.00
# Visual Studio 2010
Project("{E24C65DC-7377-472B-9ABA-BC803B73C61A}") = "Member Site", ".", "{170903AE-F155-46AB-AEC6-0A6146A2A3BB}"
	ProjectSection(WebsiteProperties) = preProject
		TargetFrameworkMoniker = ".NETFramework,Version%3Dv4.0"
		Debug.AspNetCompiler.VirtualPath = "/Member Site"
		Debug.AspNetCompiler.PhysicalPath = "D:\My Verison\SB\Member Site\"
		Debug.AspNetCompiler.TargetPath = "PrecompiledWeb\Member Site\"
		Debug.AspNetCompiler.Updateable = "true"
		Debug.AspNetCompiler.ForceOverwrite = "true"
		Debug.AspNetCompiler.FixedNames = "false"
		Debug.AspNetCompiler.Debug = "True"
		Release.AspNetCompiler.VirtualPath = "/Member Site"
		Release.AspNetCompiler.PhysicalPath = "D:\My Verison\SB\Member Site\"
		Release.AspNetCompiler.TargetPath = "PrecompiledWeb\Member Site\"
		Release.AspNetCompiler.Updateable = "true"
		Release.AspNetCompiler.ForceOverwrite = "true"
		Release.AspNetCompiler.FixedNames = "false"
		Release.AspNetCompiler.Debug = "False"
		VWDPort = "51003"
		VWDVirtualPath = "/Member Site"
	EndProjectSection
EndProject
Global
	GlobalSection(SolutionConfigurationPlatforms) = preSolution
		Debug|.NET = Debug|.NET
	EndGlobalSection
	GlobalSection(ProjectConfigurationPlatforms) = postSolution
		{170903AE-F155-46AB-AEC6-0A6146A2A3BB}.Debug|.NET.ActiveCfg = Debug|.NET
		{170903AE-F155-46AB-AEC6-0A6146A2A3BB}.Debug|.NET.Build.0 = Debug|.NET
	EndGlobalSection
	GlobalSection(SolutionProperties) = preSolution
		HideSolutionNode = FALSE
	EndGlobalSection
EndGlobal
